// !$*UTF8*$!
{
	archiveVersion = 1;
	classes = {
	};
	objectVersion = 50;
	objects = {

/* Begin PBXBuildFile section */
		2E81D3E425F1F18200FFC2F8 /* AppDelegate.swift in Sources */ = {isa = PBXBuildFile; fileRef = 2E81D3E325F1F18200FFC2F8 /* AppDelegate.swift */; };
		2E81D3E625F1F18200FFC2F8 /* ViewController.swift in Sources */ = {isa = PBXBuildFile; fileRef = 2E81D3E525F1F18200FFC2F8 /* ViewController.swift */; };
		2E81D3E925F1F18200FFC2F8 /* Main.storyboard in Resources */ = {isa = PBXBuildFile; fileRef = 2E81D3E725F1F18200FFC2F8 /* Main.storyboard */; };
		2E81D3EB25F1F18400FFC2F8 /* Assets.xcassets in Resources */ = {isa = PBXBuildFile; fileRef = 2E81D3EA25F1F18400FFC2F8 /* Assets.xcassets */; };
		2E81D3EE25F1F18400FFC2F8 /* LaunchScreen.storyboard in Resources */ = {isa = PBXBuildFile; fileRef = 2E81D3EC25F1F18400FFC2F8 /* LaunchScreen.storyboard */; };
		2E81D3F925F1F18400FFC2F8 /* _500_APPTests.swift in Sources */ = {isa = PBXBuildFile; fileRef = 2E81D3F825F1F18400FFC2F8 /* _500_APPTests.swift */; };
		2E81D40425F1F18400FFC2F8 /* _500_APPUITests.swift in Sources */ = {isa = PBXBuildFile; fileRef = 2E81D40325F1F18400FFC2F8 /* _500_APPUITests.swift */; };
/* End PBXBuildFile section */

/* Begin PBXContainerItemProxy section */
		2E81D3F525F1F18400FFC2F8 /* PBXContainerItemProxy */ = {
			isa = PBXContainerItemProxy;
			containerPortal = 2E81D3D825F1F18200FFC2F8 /* Project object */;
			proxyType = 1;
			remoteGlobalIDString = 2E81D3DF25F1F18200FFC2F8;
			remoteInfo = "4500 APP";
		};
		2E81D40025F1F18400FFC2F8 /* PBXContainerItemProxy */ = {
			isa = PBXContainerItemProxy;
			containerPortal = 2E81D3D825F1F18200FFC2F8 /* Project object */;
			proxyType = 1;
			remoteGlobalIDString = 2E81D3DF25F1F18200FFC2F8;
			remoteInfo = "4500 APP";
		};
/* End PBXContainerItemProxy section */

/* Begin PBXFileReference section */
		2E81D3E025F1F18200FFC2F8 /* 4500 APP.app */ = {isa = PBXFileReference; explicitFileType = wrapper.application; includeInIndex = 0; path = "4500 APP.app"; sourceTree = BUILT_PRODUCTS_DIR; };
		2E81D3E325F1F18200FFC2F8 /* AppDelegate.swift */ = {isa = PBXFileReference; lastKnownFileType = sourcecode.swift; path = AppDelegate.swift; sourceTree = "<group>"; };
		2E81D3E525F1F18200FFC2F8 /* ViewController.swift */ = {isa = PBXFileReference; lastKnownFileType = sourcecode.swift; path = ViewController.swift; sourceTree = "<group>"; };
		2E81D3E825F1F18200FFC2F8 /* Base */ = {isa = PBXFileReference; lastKnownFileType = file.storyboard; name = Base; path = Base.lproj/Main.storyboard; sourceTree = "<group>"; };
		2E81D3EA25F1F18400FFC2F8 /* Assets.xcassets */ = {isa = PBXFileReference; lastKnownFileType = folder.assetcatalog; path = Assets.xcassets; sourceTree = "<group>"; };
		2E81D3ED25F1F18400FFC2F8 /* Base */ = {isa = PBXFileReference; lastKnownFileType = file.storyboard; name = Base; path = Base.lproj/LaunchScreen.storyboard; sourceTree = "<group>"; };
		2E81D3EF25F1F18400FFC2F8 /* Info.plist */ = {isa = PBXFileReference; lastKnownFileType = text.plist.xml; path = Info.plist; sourceTree = "<group>"; };
		2E81D3F425F1F18400FFC2F8 /* 4500 APPTests.xctest */ = {isa = PBXFileReference; explicitFileType = wrapper.cfbundle; includeInIndex = 0; path = "4500 APPTests.xctest"; sourceTree = BUILT_PRODUCTS_DIR; };
		2E81D3F825F1F18400FFC2F8 /* _500_APPTests.swift */ = {isa = PBXFileReference; lastKnownFileType = sourcecode.swift; path = _500_APPTests.swift; sourceTree = "<group>"; };
		2E81D3FA25F1F18400FFC2F8 /* Info.plist */ = {isa = PBXFileReference; lastKnownFileType = text.plist.xml; path = Info.plist; sourceTree = "<group>"; };
		2E81D3FF25F1F18400FFC2F8 /* 4500 APPUITests.xctest */ = {isa = PBXFileReference; explicitFileType = wrapper.cfbundle; includeInIndex = 0; path = "4500 APPUITests.xctest"; sourceTree = BUILT_PRODUCTS_DIR; };
		2E81D40325F1F18400FFC2F8 /* _500_APPUITests.swift */ = {isa = PBXFileReference; lastKnownFileType = sourcecode.swift; path = _500_APPUITests.swift; sourceTree = "<group>"; };
		2E81D40525F1F18400FFC2F8 /* Info.plist */ = {isa = PBXFileReference; lastKnownFileType = text.plist.xml; path = Info.plist; sourceTree = "<group>"; };
/* End PBXFileReference section */

/* Begin PBXFrameworksBuildPhase section */
		2E81D3DD25F1F18200FFC2F8 /* Frameworks */ = {
			isa = PBXFrameworksBuildPhase;
			buildActionMask = 2147483647;
			files = (
			);
			runOnlyForDeploymentPostprocessing = 0;
		};
		2E81D3F125F1F18400FFC2F8 /* Frameworks */ = {
			isa = PBXFrameworksBuildPhase;
			buildActionMask = 2147483647;
			files = (
			);
			runOnlyForDeploymentPostprocessing = 0;
		};
		2E81D3FC25F1F18400FFC2F8 /* Frameworks */ = {
			isa = PBXFrameworksBuildPhase;
			buildActionMask = 2147483647;
			files = (
			);
			runOnlyForDeploymentPostprocessing = 0;
		};
/* End PBXFrameworksBuildPhase section */

/* Begin PBXGroup section */
		2E81D3D725F1F18200FFC2F8 = {
			isa = PBXGroup;
			children = (
				2E81D3E225F1F18200FFC2F8 /* 4500 APP */,
				2E81D3F725F1F18400FFC2F8 /* 4500 APPTests */,
				2E81D40225F1F18400FFC2F8 /* 4500 APPUITests */,
				2E81D3E125F1F18200FFC2F8 /* Products */,
			);
			sourceTree = "<group>";
		};
		2E81D3E125F1F18200FFC2F8 /* Products */ = {
			isa = PBXGroup;
			children = (
				2E81D3E025F1F18200FFC2F8 /* 4500 APP.app */,
				2E81D3F425F1F18400FFC2F8 /* 4500 APPTests.xctest */,
				2E81D3FF25F1F18400FFC2F8 /* 4500 APPUITests.xctest */,
			);
			name = Products;
			sourceTree = "<group>";
		};
		2E81D3E225F1F18200FFC2F8 /* 4500 APP */ = {
			isa = PBXGroup;
			children = (
				2E81D3E325F1F18200FFC2F8 /* AppDelegate.swift */,
				2E81D3E525F1F18200FFC2F8 /* ViewController.swift */,
				2E81D3E725F1F18200FFC2F8 /* Main.storyboard */,
				2E81D3EA25F1F18400FFC2F8 /* Assets.xcassets */,
				2E81D3EC25F1F18400FFC2F8 /* LaunchScreen.storyboard */,
				2E81D3EF25F1F18400FFC2F8 /* Info.plist */,
			);
			path = "4500 APP";
			sourceTree = "<group>";
		};
		2E81D3F725F1F18400FFC2F8 /* 4500 APPTests */ = {
			isa = PBXGroup;
			children = (
				2E81D3F825F1F18400FFC2F8 /* _500_APPTests.swift */,
				2E81D3FA25F1F18400FFC2F8 /* Info.plist */,
			);
			path = "4500 APPTests";
			sourceTree = "<group>";
		};
		2E81D40225F1F18400FFC2F8 /* 4500 APPUITests */ = {
			isa = PBXGroup;
			children = (
				2E81D40325F1F18400FFC2F8 /* _500_APPUITests.swift */,
				2E81D40525F1F18400FFC2F8 /* Info.plist */,
			);
			path = "4500 APPUITests";
			sourceTree = "<group>";
		};
/* End PBXGroup section */

/* Begin PBXNativeTarget section */
		2E81D3DF25F1F18200FFC2F8 /* 4500 APP */ = {
			isa = PBXNativeTarget;
			buildConfigurationList = 2E81D40825F1F18400FFC2F8 /* Build configuration list for PBXNativeTarget "4500 APP" */;
			buildPhases = (
				2E81D3DC25F1F18200FFC2F8 /* Sources */,
				2E81D3DD25F1F18200FFC2F8 /* Frameworks */,
				2E81D3DE25F1F18200FFC2F8 /* Resources */,
			);
			buildRules = (
			);
			dependencies = (
			);
			name = "4500 APP";
			productName = "4500 APP";
			productReference = 2E81D3E025F1F18200FFC2F8 /* 4500 APP.app */;
			productType = "com.apple.product-type.application";
		};
		2E81D3F325F1F18400FFC2F8 /* 4500 APPTests */ = {
			isa = PBXNativeTarget;
			buildConfigurationList = 2E81D40B25F1F18400FFC2F8 /* Build configuration list for PBXNativeTarget "4500 APPTests" */;
			buildPhases = (
				2E81D3F025F1F18400FFC2F8 /* Sources */,
				2E81D3F125F1F18400FFC2F8 /* Frameworks */,
				2E81D3F225F1F18400FFC2F8 /* Resources */,
			);
			buildRules = (
			);
			dependencies = (
				2E81D3F625F1F18400FFC2F8 /* PBXTargetDependency */,
			);
			name = "4500 APPTests";
			productName = "4500 APPTests";
			productReference = 2E81D3F425F1F18400FFC2F8 /* 4500 APPTests.xctest */;
			productType = "com.apple.product-type.bundle.unit-test";
		};
		2E81D3FE25F1F18400FFC2F8 /* 4500 APPUITests */ = {
			isa = PBXNativeTarget;
			buildConfigurationList = 2E81D40E25F1F18400FFC2F8 /* Build configuration list for PBXNativeTarget "4500 APPUITests" */;
			buildPhases = (
				2E81D3FB25F1F18400FFC2F8 /* Sources */,
				2E81D3FC25F1F18400FFC2F8 /* Frameworks */,
				2E81D3FD25F1F18400FFC2F8 /* Resources */,
			);
			buildRules = (
			);
			dependencies = (
				2E81D40125F1F18400FFC2F8 /* PBXTargetDependency */,
			);
			name = "4500 APPUITests";
			productName = "4500 APPUITests";
			productReference = 2E81D3FF25F1F18400FFC2F8 /* 4500 APPUITests.xctest */;
			productType = "com.apple.product-type.bundle.ui-testing";
		};
/* End PBXNativeTarget section */

/* Begin PBXProject section */
		2E81D3D825F1F18200FFC2F8 /* Project object */ = {
			isa = PBXProject;
			attributes = {
				LastSwiftUpdateCheck = 1010;
				LastUpgradeCheck = 1010;
				ORGANIZATIONNAME = "Andrew Naguib";
				TargetAttributes = {
					2E81D3DF25F1F18200FFC2F8 = {
						CreatedOnToolsVersion = 10.1;
					};
					2E81D3F325F1F18400FFC2F8 = {
						CreatedOnToolsVersion = 10.1;
						TestTargetID = 2E81D3DF25F1F18200FFC2F8;
					};
					2E81D3FE25F1F18400FFC2F8 = {
						CreatedOnToolsVersion = 10.1;
						TestTargetID = 2E81D3DF25F1F18200FFC2F8;
					};
				};
			};
			buildConfigurationList = 2E81D3DB25F1F18200FFC2F8 /* Build configuration list for PBXProject "4500 APP" */;
			compatibilityVersion = "Xcode 9.3";
			developmentRegion = en;
			hasScannedForEncodings = 0;
			knownRegions = (
				en,
				Base,
			);
			mainGroup = 2E81D3D725F1F18200FFC2F8;
			productRefGroup = 2E81D3E125F1F18200FFC2F8 /* Products */;
			projectDirPath = "";
			projectRoot = "";
			targets = (
				2E81D3DF25F1F18200FFC2F8 /* 4500 APP */,
				2E81D3F325F1F18400FFC2F8 /* 4500 APPTests */,
				2E81D3FE25F1F18400FFC2F8 /* 4500 APPUITests */,
			);
		};
/* End PBXProject section */

/* Begin PBXResourcesBuildPhase section */
		2E81D3DE25F1F18200FFC2F8 /* Resources */ = {
			isa = PBXResourcesBuildPhase;
			buildActionMask = 2147483647;
			files = (
				2E81D3EE25F1F18400FFC2F8 /* LaunchScreen.storyboard in Resources */,
				2E81D3EB25F1F18400FFC2F8 /* Assets.xcassets in Resources */,
				2E81D3E925F1F18200FFC2F8 /* Main.storyboard in Resources */,
			);
			runOnlyForDeploymentPostprocessing = 0;
		};
		2E81D3F225F1F18400FFC2F8 /* Resources */ = {
			isa = PBXResourcesBuildPhase;
			buildActionMask = 2147483647;
			files = (
			);
			runOnlyForDeploymentPostprocessing = 0;
		};
		2E81D3FD25F1F18400FFC2F8 /* Resources */ = {
			isa = PBXResourcesBuildPhase;
			buildActionMask = 2147483647;
			files = (
			);
			runOnlyForDeploymentPostprocessing = 0;
		};
/* End PBXResourcesBuildPhase section */

/* Begin PBXSourcesBuildPhase section */
		2E81D3DC25F1F18200FFC2F8 /* Sources */ = {
			isa = PBXSourcesBuildPhase;
			buildActionMask = 2147483647;
			files = (
				2E81D3E625F1F18200FFC2F8 /* ViewController.swift in Sources */,
				2E81D3E425F1F18200FFC2F8 /* AppDelegate.swift in Sources */,
			);
			runOnlyForDeploymentPostprocessing = 0;
		};
		2E81D3F025F1F18400FFC2F8 /* Sources */ = {
			isa = PBXSourcesBuildPhase;
			buildActionMask = 2147483647;
			files = (
				2E81D3F925F1F18400FFC2F8 /* _500_APPTests.swift in Sources */,
			);
			runOnlyForDeploymentPostprocessing = 0;
		};
		2E81D3FB25F1F18400FFC2F8 /* Sources */ = {
			isa = PBXSourcesBuildPhase;
			buildActionMask = 2147483647;
			files = (
				2E81D40425F1F18400FFC2F8 /* _500_APPUITests.swift in Sources */,
			);
			runOnlyForDeploymentPostprocessing = 0;
		};
/* End PBXSourcesBuildPhase section */

/* Begin PBXTargetDependency section */
		2E81D3F625F1F18400FFC2F8 /* PBXTargetDependency */ = {
			isa = PBXTargetDependency;
			target = 2E81D3DF25F1F18200FFC2F8 /* 4500 APP */;
			targetProxy = 2E81D3F525F1F18400FFC2F8 /* PBXContainerItemProxy */;
		};
		2E81D40125F1F18400FFC2F8 /* PBXTargetDependency */ = {
			isa = PBXTargetDependency;
			target = 2E81D3DF25F1F18200FFC2F8 /* 4500 APP */;
			targetProxy = 2E81D40025F1F18400FFC2F8 /* PBXContainerItemProxy */;
		};
/* End PBXTargetDependency section */

/* Begin PBXVariantGroup section */
		2E81D3E725F1F18200FFC2F8 /* Main.storyboard */ = {
			isa = PBXVariantGroup;
			children = (
				2E81D3E825F1F18200FFC2F8 /* Base */,
			);
			name = Main.storyboard;
			sourceTree = "<group>";
		};
		2E81D3EC25F1F18400FFC2F8 /* LaunchScreen.storyboard */ = {
			isa = PBXVariantGroup;
			children = (
				2E81D3ED25F1F18400FFC2F8 /* Base */,
			);
			name = LaunchScreen.storyboard;
			sourceTree = "<group>";
		};
/* End PBXVariantGroup section */

/* Begin XCBuildConfiguration section */
		2E81D40625F1F18400FFC2F8 /* Debug */ = {
			isa = XCBuildConfiguration;
			buildSettings = {
				ALWAYS_SEARCH_USER_PATHS = NO;
				CLANG_ANALYZER_NONNULL = YES;
				CLANG_ANALYZER_NUMBER_OBJECT_CONVERSION = YES_AGGRESSIVE;
				CLANG_CXX_LANGUAGE_STANDARD = "gnu++14";
				CLANG_CXX_LIBRARY = "libc++";
				CLANG_ENABLE_MODULES = YES;
				CLANG_ENABLE_OBJC_ARC = YES;
				CLANG_ENABLE_OBJC_WEAK = YES;
				CLANG_WARN_BLOCK_CAPTURE_AUTORELEASING = YES;
				CLANG_WARN_BOOL_CONVERSION = YES;
				CLANG_WARN_COMMA = YES;
				CLANG_WARN_CONSTANT_CONVERSION = YES;
				CLANG_WARN_DEPRECATED_OBJC_IMPLEMENTATIONS = YES;
				CLANG_WARN_DIRECT_OBJC_ISA_USAGE = YES_ERROR;
				CLANG_WARN_DOCUMENTATION_COMMENTS = YES;
				CLANG_WARN_EMPTY_BODY = YES;
				CLANG_WARN_ENUM_CONVERSION = YES;
				CLANG_WARN_INFINITE_RECURSION = YES;
				CLANG_WARN_INT_CONVERSION = YES;
				CLANG_WARN_NON_LITERAL_NULL_CONVERSION = YES;
				CLANG_WARN_OBJC_IMPLICIT_RETAIN_SELF = YES;
				CLANG_WARN_OBJC_LITERAL_CONVERSION = YES;
				CLANG_WARN_OBJC_ROOT_CLASS = YES_ERROR;
				CLANG_WARN_RANGE_LOOP_ANALYSIS = YES;
				CLANG_WARN_STRICT_PROTOTYPES = YES;
				CLANG_WARN_SUSPICIOUS_MOVE = YES;
				CLANG_WARN_UNGUARDED_AVAILABILITY = YES_AGGRESSIVE;
				CLANG_WARN_UNREACHABLE_CODE = YES;
				CLANG_WARN__DUPLICATE_METHOD_MATCH = YES;
				CODE_SIGN_IDENTITY = "iPhone Developer";
				COPY_PHASE_STRIP = NO;
				DEBUG_INFORMATION_FORMAT = dwarf;
				ENABLE_STRICT_OBJC_MSGSEND = YES;
				ENABLE_TESTABILITY = YES;
				GCC_C_LANGUAGE_STANDARD = gnu11;
				GCC_DYNAMIC_NO_PIC = NO;
				GCC_NO_COMMON_BLOCKS = YES;
				GCC_OPTIMIZATION_LEVEL = 0;
				GCC_PREPROCESSOR_DEFINITIONS = (
					"DEBUG=1",
					"$(inherited)",
				);
				GCC_WARN_64_TO_32_BIT_CONVERSION = YES;
				GCC_WARN_ABOUT_RETURN_TYPE = YES_ERROR;
				GCC_WARN_UNDECLARED_SELECTOR = YES;
				GCC_WARN_UNINITIALIZED_AUTOS = YES_AGGRESSIVE;
				GCC_WARN_UNUSED_FUNCTION = YES;
				GCC_WARN_UNUSED_VARIABLE = YES;
				IPHONEOS_DEPLOYMENT_TARGET = 12.1;
				MTL_ENABLE_DEBUG_INFO = INCLUDE_SOURCE;
				MTL_FAST_MATH = YES;
				ONLY_ACTIVE_ARCH = YES;
				SDKROOT = iphoneos;
				SWIFT_ACTIVE_COMPILATION_CONDITIONS = DEBUG;
				SWIFT_OPTIMIZATION_LEVEL = "-Onone";
			};
			name = Debug;
		};
		2E81D40725F1F18400FFC2F8 /* Release */ = {
			isa = XCBuildConfiguration;
			buildSettings = {
				ALWAYS_SEARCH_USER_PATHS = NO;
				CLANG_ANALYZER_NONNULL = YES;
				CLANG_ANALYZER_NUMBER_OBJECT_CONVERSION = YES_AGGRESSIVE;
				CLANG_CXX_LANGUAGE_STANDARD = "gnu++14";
				CLANG_CXX_LIBRARY = "libc++";
				CLANG_ENABLE_MODULES = YES;
				CLANG_ENABLE_OBJC_ARC = YES;
				CLANG_ENABLE_OBJC_WEAK = YES;
				CLANG_WARN_BLOCK_CAPTURE_AUTORELEASING = YES;
				CLANG_WARN_BOOL_CONVERSION = YES;
				CLANG_WARN_COMMA = YES;
				CLANG_WARN_CONSTANT_CONVERSION = YES;
				CLANG_WARN_DEPRECATED_OBJC_IMPLEMENTATIONS = YES;
				CLANG_WARN_DIRECT_OBJC_ISA_USAGE = YES_ERROR;
				CLANG_WARN_DOCUMENTATION_COMMENTS = YES;
				CLANG_WARN_EMPTY_BODY = YES;
				CLANG_WARN_ENUM_CONVERSION = YES;
				CLANG_WARN_INFINITE_RECURSION = YES;
				CLANG_WARN_INT_CONVERSION = YES;
				CLANG_WARN_NON_LITERAL_NULL_CONVERSION = YES;
				CLANG_WARN_OBJC_IMPLICIT_RETAIN_SELF = YES;
				CLANG_WARN_OBJC_LITERAL_CONVERSION = YES;
				CLANG_WARN_OBJC_ROOT_CLASS = YES_ERROR;
				CLANG_WARN_RANGE_LOOP_ANALYSIS = YES;
				CLANG_WARN_STRICT_PROTOTYPES = YES;
				CLANG_WARN_SUSPICIOUS_MOVE = YES;
				CLANG_WARN_UNGUARDED_AVAILABILITY = YES_AGGRESSIVE;
				CLANG_WARN_UNREACHABLE_CODE = YES;
				CLANG_WARN__DUPLICATE_METHOD_MATCH = YES;
				CODE_SIGN_IDENTITY = "iPhone Developer";
				COPY_PHASE_STRIP = NO;
				DEBUG_INFORMATION_FORMAT = "dwarf-with-dsym";
				ENABLE_NS_ASSERTIONS = NO;
				ENABLE_STRICT_OBJC_MSGSEND = YES;
				GCC_C_LANGUAGE_STANDARD = gnu11;
				GCC_NO_COMMON_BLOCKS = YES;
				GCC_WARN_64_TO_32_BIT_CONVERSION = YES;
				GCC_WARN_ABOUT_RETURN_TYPE = YES_ERROR;
				GCC_WARN_UNDECLARED_SELECTOR = YES;
				GCC_WARN_UNINITIALIZED_AUTOS = YES_AGGRESSIVE;
				GCC_WARN_UNUSED_FUNCTION = YES;
				GCC_WARN_UNUSED_VARIABLE = YES;
				IPHONEOS_DEPLOYMENT_TARGET = 12.1;
				MTL_ENABLE_DEBUG_INFO = NO;
				MTL_FAST_MATH = YES;
				SDKROOT = iphoneos;
				SWIFT_COMPILATION_MODE = wholemodule;
				SWIFT_OPTIMIZATION_LEVEL = "-O";
				VALIDATE_PRODUCT = YES;
			};
			name = Release;
		};
		2E81D40925F1F18400FFC2F8 /* Debug */ = {
			isa = XCBuildConfiguration;
			buildSettings = {
				ASSETCATALOG_COMPILER_APPICON_NAME = AppIcon;
				CODE_SIGN_STYLE = Automatic;
				DEVELOPMENT_TEAM = J4B23AEXSW;
				INFOPLIST_FILE = "4500 APP/Info.plist";
				LD_RUNPATH_SEARCH_PATHS = (
					"$(inherited)",
					"@executable_path/Frameworks",
				);
				PRODUCT_BUNDLE_IDENTIFIER = "t.-500-APP";
				PRODUCT_NAME = "$(TARGET_NAME)";
				SWIFT_VERSION = 4.2;
				TARGETED_DEVICE_FAMILY = "1,2";
			};
			name = Debug;
		};
		2E81D40A25F1F18400FFC2F8 /* Release */ = {
			isa = XCBuildConfiguration;
			buildSettings = {
				ASSETCATALOG_COMPILER_APPICON_NAME = AppIcon;
				CODE_SIGN_STYLE = Automatic;
				DEVELOPMENT_TEAM = J4B23AEXSW;
				INFOPLIST_FILE = "4500 APP/Info.plist";
				LD_RUNPATH_SEARCH_PATHS = (
					"$(inherited)",
					"@executable_path/Frameworks",
				);
				PRODUCT_BUNDLE_IDENTIFIER = "t.-500-APP";
				PRODUCT_NAME = "$(TARGET_NAME)";
				SWIFT_VERSION = 4.2;
				TARGETED_DEVICE_FAMILY = "1,2";
			};
			name = Release;
		};
		2E81D40C25F1F18400FFC2F8 /* Debug */ = {
			isa = XCBuildConfiguration;
			buildSettings = {
				ALWAYS_EMBED_SWIFT_STANDARD_LIBRARIES = YES;
				BUNDLE_LOADER = "$(TEST_HOST)";
				CODE_SIGN_STYLE = Automatic;
				DEVELOPMENT_TEAM = J4B23AEXSW;
				INFOPLIST_FILE = "4500 APPTests/Info.plist";
				LD_RUNPATH_SEARCH_PATHS = (
					"$(inherited)",
					"@executable_path/Frameworks",
					"@loader_path/Frameworks",
				);
				PRODUCT_BUNDLE_IDENTIFIER = "t.-500-APPTests";
				PRODUCT_NAME = "$(TARGET_NAME)";
				SWIFT_VERSION = 4.2;
				TARGETED_DEVICE_FAMILY = "1,2";
				TEST_HOST = "$(BUILT_PRODUCTS_DIR)/4500 APP.app/4500 APP";
			};
			name = Debug;
		};
		2E81D40D25F1F18400FFC2F8 /* Release */ = {
			isa = XCBuildConfiguration;
			buildSettings = {
				ALWAYS_EMBED_SWIFT_STANDARD_LIBRARIES = YES;
				BUNDLE_LOADER = "$(TEST_HOST)";
				CODE_SIGN_STYLE = Automatic;
				DEVELOPMENT_TEAM = J4B23AEXSW;
				INFOPLIST_FILE = "4500 APPTests/Info.plist";
				LD_RUNPATH_SEARCH_PATHS = (
					"$(inherited)",
					"@executable_path/Frameworks",
					"@loader_path/Frameworks",
				);
				PRODUCT_BUNDLE_IDENTIFIER = "t.-500-APPTests";
				PRODUCT_NAME = "$(TARGET_NAME)";
				SWIFT_VERSION = 4.2;
				TARGETED_DEVICE_FAMILY = "1,2";
				TEST_HOST = "$(BUILT_PRODUCTS_DIR)/4500 APP.app/4500 APP";
			};
			name = Release;
		};
		2E81D40F25F1F18400FFC2F8 /* Debug */ = {
			isa = XCBuildConfiguration;
			buildSettings = {
				ALWAYS_EMBED_SWIFT_STANDARD_LIBRARIES = YES;
				CODE_SIGN_STYLE = Automatic;
				DEVELOPMENT_TEAM = J4B23AEXSW;
				INFOPLIST_FILE = "4500 APPUITests/Info.plist";
				LD_RUNPATH_SEARCH_PATHS = (
					"$(inherited)",
					"@executable_path/Frameworks",
					"@loader_path/Frameworks",
				);
				PRODUCT_BUNDLE_IDENTIFIER = "t.-500-APPUITests";
				PRODUCT_NAME = "$(TARGET_NAME)";
				SWIFT_VERSION = 4.2;
				TARGETED_DEVICE_FAMILY = "1,2";
				TEST_TARGET_NAME = "4500 APP";
			};
			name = Debug;
		};
		2E81D41025F1F18400FFC2F8 /* Release */ = {
			isa = XCBuildConfiguration;
			buildSettings = {
				ALWAYS_EMBED_SWIFT_STANDARD_LIBRARIES = YES;
				CODE_SIGN_STYLE = Automatic;
				DEVELOPMENT_TEAM = J4B23AEXSW;
				INFOPLIST_FILE = "4500 APPUITests/Info.plist";
				LD_RUNPATH_SEARCH_PATHS = (
					"$(inherited)",
					"@executable_path/Frameworks",
					"@loader_path/Frameworks",
				);
				PRODUCT_BUNDLE_IDENTIFIER = "t.-500-APPUITests";
				PRODUCT_NAME = "$(TARGET_NAME)";
				SWIFT_VERSION = 4.2;
				TARGETED_DEVICE_FAMILY = "1,2";
				TEST_TARGET_NAME = "4500 APP";
			};
			name = Release;
		};
/* End XCBuildConfiguration section */

/* Begin XCConfigurationList section */
		2E81D3DB25F1F18200FFC2F8 /* Build configuration list for PBXProject "4500 APP" */ = {
			isa = XCConfigurationList;
			buildConfigurations = (
				2E81D40625F1F18400FFC2F8 /* Debug */,
				2E81D40725F1F18400FFC2F8 /* Release */,
			);
			defaultConfigurationIsVisible = 0;
			defaultConfigurationName = Release;
		};
		2E81D40825F1F18400FFC2F8 /* Build configuration list for PBXNativeTarget "4500 APP" */ = {
			isa = XCConfigurationList;
			buildConfigurations = (
				2E81D40925F1F18400FFC2F8 /* Debug */,
				2E81D40A25F1F18400FFC2F8 /* Release */,
			);
			defaultConfigurationIsVisible = 0;
			defaultConfigurationName = Release;
		};
		2E81D40B25F1F18400FFC2F8 /* Build configuration list for PBXNativeTarget "4500 APPTests" */ = {
			isa = XCConfigurationList;
			buildConfigurations = (
				2E81D40C25F1F18400FFC2F8 /* Debug */,
				2E81D40D25F1F18400FFC2F8 /* Release */,
			);
			defaultConfigurationIsVisible = 0;
			defaultConfigurationName = Release;
		};
		2E81D40E25F1F18400FFC2F8 /* Build configuration list for PBXNativeTarget "4500 APPUITests" */ = {
			isa = XCConfigurationList;
			buildConfigurations = (
				2E81D40F25F1F18400FFC2F8 /* Debug */,
				2E81D41025F1F18400FFC2F8 /* Release */,
			);
			defaultConfigurationIsVisible = 0;
			defaultConfigurationName = Release;
		};
/* End XCConfigurationList section */
	};
	rootObject = 2E81D3D825F1F18200FFC2F8 /* Project object */;
}
